
Microsoft Visual Studio Solution File, Format Version 12.00
# Visual Studio Version 16
VisualStudioVersion = 16.0.30002.166
MinimumVisualStudioVersion = 10.0.40219.1
Project("{FAE04EC0-301F-11D3-BF4B-00C04F79EFBC}") = "CarDieseMsSolution", "CarDieseMsSolution\CarDieseMsSolution.csproj", "{2E19B756-0662-46A3-94CA-1F2A2863C472}"
EndProject
Project("{FAE04EC0-301F-11D3-BF4B-00C04F79EFBC}") = "KafkaService", "KafkaService\KafkaService.csproj", "{7B84DC80-7E31-4114-92F2-20B2DD74DF23}"
EndProject
Project("{FAE04EC0-301F-11D3-BF4B-00C04F79EFBC}") = "DieselCarDataAccess", "DieselCarDataAccess\DieselCarDataAccess.csproj", "{17C22C82-7ACE-494F-B4C1-127359970D86}"
EndProject
Project("{FAE04EC0-301F-11D3-BF4B-00C04F79EFBC}") = "Domain", "Domain\Domain.csproj", "{4587F97B-751E-462B-81B0-649A9C8FA106}"
EndProject
Global
	GlobalSection(SolutionConfigurationPlatforms) = preSolution
		Debug|Any CPU = Debug|Any CPU
		Release|Any CPU = Release|Any CPU
	EndGlobalSection
	GlobalSection(ProjectConfigurationPlatforms) = postSolution
		{2E19B756-0662-46A3-94CA-1F2A2863C472}.Debug|Any CPU.ActiveCfg = Debug|Any CPU
		{2E19B756-0662-46A3-94CA-1F2A2863C472}.Debug|Any CPU.Build.0 = Debug|Any CPU
		{2E19B756-0662-46A3-94CA-1F2A2863C472}.Release|Any CPU.ActiveCfg = Release|Any CPU
		{2E19B756-0662-46A3-94CA-1F2A2863C472}.Release|Any CPU.Build.0 = Release|Any CPU
		{7B84DC80-7E31-4114-92F2-20B2DD74DF23}.Debug|Any CPU.ActiveCfg = Debug|Any CPU
		{7B84DC80-7E31-4114-92F2-20B2DD74DF23}.Debug|Any CPU.Build.0 = Debug|Any CPU
		{7B84DC80-7E31-4114-92F2-20B2DD74DF23}.Release|Any CPU.ActiveCfg = Release|Any CPU
		{7B84DC80-7E31-4114-92F2-20B2DD74DF23}.Release|Any CPU.Build.0 = Release|Any CPU
		{17C22C82-7ACE-494F-B4C1-127359970D86}.Debug|Any CPU.ActiveCfg = Debug|Any CPU
		{17C22C82-7ACE-494F-B4C1-127359970D86}.Debug|Any CPU.Build.0 = Debug|Any CPU
		{17C22C82-7ACE-494F-B4C1-127359970D86}.Release|Any CPU.ActiveCfg = Release|Any CPU
		{17C22C82-7ACE-494F-B4C1-127359970D86}.Release|Any CPU.Build.0 = Release|Any CPU
		{4587F97B-751E-462B-81B0-649A9C8FA106}.Debug|Any CPU.ActiveCfg = Debug|Any CPU
		{4587F97B-751E-462B-81B0-649A9C8FA106}.Debug|Any CPU.Build.0 = Debug|Any CPU
		{4587F97B-751E-462B-81B0-649A9C8FA106}.Release|Any CPU.ActiveCfg = Release|Any CPU
		{4587F97B-751E-462B-81B0-649A9C8FA106}.Release|Any CPU.Build.0 = Release|Any CPU
	EndGlobalSection
	GlobalSection(SolutionProperties) = preSolution
		HideSolutionNode = FALSE
	EndGlobalSection
	GlobalSection(ExtensibilityGlobals) = postSolution
		SolutionGuid = {B5BCBC93-37B2-4EB4-B4AC-31525A1E2791}
	EndGlobalSection
EndGlobal
