
Microsoft Visual Studio Solution File, Format Version 12.00
# Visual Studio Version 16
VisualStudioVersion = 16.0.30002.166
MinimumVisualStudioVersion = 10.0.40219.1
Project("{FAE04EC0-301F-11D3-BF4B-00C04F79EFBC}") = "CarGasMsSolution", "CarGasMsSolution\CarGasMsSolution.csproj", "{ACC59D56-BB3E-4375-BB12-933BB79C99C9}"
EndProject
Project("{FAE04EC0-301F-11D3-BF4B-00C04F79EFBC}") = "KafkaService", "KafkaService\KafkaService.csproj", "{656CA847-3D8E-4360-B37D-F44E7B2FE52C}"
EndProject
Project("{FAE04EC0-301F-11D3-BF4B-00C04F79EFBC}") = "GasCarDataAccess", "GasCarDataAccess\GasCarDataAccess.csproj", "{9465104B-E2C4-40F6-9680-81E3A3DC5915}"
EndProject
Project("{FAE04EC0-301F-11D3-BF4B-00C04F79EFBC}") = "Domain", "Domain\Domain.csproj", "{C209726D-56F5-48F9-B6D0-8568EA7C4846}"
EndProject
Global
	GlobalSection(SolutionConfigurationPlatforms) = preSolution
		Debug|Any CPU = Debug|Any CPU
		Release|Any CPU = Release|Any CPU
	EndGlobalSection
	GlobalSection(ProjectConfigurationPlatforms) = postSolution
		{ACC59D56-BB3E-4375-BB12-933BB79C99C9}.Debug|Any CPU.ActiveCfg = Debug|Any CPU
		{ACC59D56-BB3E-4375-BB12-933BB79C99C9}.Debug|Any CPU.Build.0 = Debug|Any CPU
		{ACC59D56-BB3E-4375-BB12-933BB79C99C9}.Release|Any CPU.ActiveCfg = Release|Any CPU
		{ACC59D56-BB3E-4375-BB12-933BB79C99C9}.Release|Any CPU.Build.0 = Release|Any CPU
		{656CA847-3D8E-4360-B37D-F44E7B2FE52C}.Debug|Any CPU.ActiveCfg = Debug|Any CPU
		{656CA847-3D8E-4360-B37D-F44E7B2FE52C}.Debug|Any CPU.Build.0 = Debug|Any CPU
		{656CA847-3D8E-4360-B37D-F44E7B2FE52C}.Release|Any CPU.ActiveCfg = Release|Any CPU
		{656CA847-3D8E-4360-B37D-F44E7B2FE52C}.Release|Any CPU.Build.0 = Release|Any CPU
		{9465104B-E2C4-40F6-9680-81E3A3DC5915}.Debug|Any CPU.ActiveCfg = Debug|Any CPU
		{9465104B-E2C4-40F6-9680-81E3A3DC5915}.Debug|Any CPU.Build.0 = Debug|Any CPU
		{9465104B-E2C4-40F6-9680-81E3A3DC5915}.Release|Any CPU.ActiveCfg = Release|Any CPU
		{9465104B-E2C4-40F6-9680-81E3A3DC5915}.Release|Any CPU.Build.0 = Release|Any CPU
		{C209726D-56F5-48F9-B6D0-8568EA7C4846}.Debug|Any CPU.ActiveCfg = Debug|Any CPU
		{C209726D-56F5-48F9-B6D0-8568EA7C4846}.Debug|Any CPU.Build.0 = Debug|Any CPU
		{C209726D-56F5-48F9-B6D0-8568EA7C4846}.Release|Any CPU.ActiveCfg = Release|Any CPU
		{C209726D-56F5-48F9-B6D0-8568EA7C4846}.Release|Any CPU.Build.0 = Release|Any CPU
	EndGlobalSection
	GlobalSection(SolutionProperties) = preSolution
		HideSolutionNode = FALSE
	EndGlobalSection
	GlobalSection(ExtensibilityGlobals) = postSolution
		SolutionGuid = {78661AC7-2FF6-4086-B07F-41A3FCD54C7D}
	EndGlobalSection
EndGlobal
