
Microsoft Visual Studio Solution File, Format Version 12.00
# Visual Studio Version 16
VisualStudioVersion = 16.0.30002.166
MinimumVisualStudioVersion = 10.0.40219.1
Project("{FAE04EC0-301F-11D3-BF4B-00C04F79EFBC}") = "CarGasMsSolution", "CarGasMsSolution\CarGasMsSolution.csproj", "{A8182783-47D3-4C0D-A105-D5355193CC8A}"
EndProject
Project("{FAE04EC0-301F-11D3-BF4B-00C04F79EFBC}") = "KafkaService", "KafkaService\KafkaService.csproj", "{03B91B22-E97C-4FA8-89A5-A67FA535BDC0}"
EndProject
Project("{FAE04EC0-301F-11D3-BF4B-00C04F79EFBC}") = "GasCarDataAccess", "GasCarDataAccess\GasCarDataAccess.csproj", "{9F9D0AA9-1C19-4A44-AA5B-840C10D7F594}"
EndProject
Project("{FAE04EC0-301F-11D3-BF4B-00C04F79EFBC}") = "Domain", "Domain\Domain.csproj", "{7BFA4A52-6AD8-4C4A-9FD2-7A42CCE2B27E}"
EndProject
Global
	GlobalSection(SolutionConfigurationPlatforms) = preSolution
		Debug|Any CPU = Debug|Any CPU
		Release|Any CPU = Release|Any CPU
	EndGlobalSection
	GlobalSection(ProjectConfigurationPlatforms) = postSolution
		{A8182783-47D3-4C0D-A105-D5355193CC8A}.Debug|Any CPU.ActiveCfg = Debug|Any CPU
		{A8182783-47D3-4C0D-A105-D5355193CC8A}.Debug|Any CPU.Build.0 = Debug|Any CPU
		{A8182783-47D3-4C0D-A105-D5355193CC8A}.Release|Any CPU.ActiveCfg = Release|Any CPU
		{A8182783-47D3-4C0D-A105-D5355193CC8A}.Release|Any CPU.Build.0 = Release|Any CPU
		{03B91B22-E97C-4FA8-89A5-A67FA535BDC0}.Debug|Any CPU.ActiveCfg = Debug|Any CPU
		{03B91B22-E97C-4FA8-89A5-A67FA535BDC0}.Debug|Any CPU.Build.0 = Debug|Any CPU
		{03B91B22-E97C-4FA8-89A5-A67FA535BDC0}.Release|Any CPU.ActiveCfg = Release|Any CPU
		{03B91B22-E97C-4FA8-89A5-A67FA535BDC0}.Release|Any CPU.Build.0 = Release|Any CPU
		{9F9D0AA9-1C19-4A44-AA5B-840C10D7F594}.Debug|Any CPU.ActiveCfg = Debug|Any CPU
		{9F9D0AA9-1C19-4A44-AA5B-840C10D7F594}.Debug|Any CPU.Build.0 = Debug|Any CPU
		{9F9D0AA9-1C19-4A44-AA5B-840C10D7F594}.Release|Any CPU.ActiveCfg = Release|Any CPU
		{9F9D0AA9-1C19-4A44-AA5B-840C10D7F594}.Release|Any CPU.Build.0 = Release|Any CPU
		{7BFA4A52-6AD8-4C4A-9FD2-7A42CCE2B27E}.Debug|Any CPU.ActiveCfg = Debug|Any CPU
		{7BFA4A52-6AD8-4C4A-9FD2-7A42CCE2B27E}.Debug|Any CPU.Build.0 = Debug|Any CPU
		{7BFA4A52-6AD8-4C4A-9FD2-7A42CCE2B27E}.Release|Any CPU.ActiveCfg = Release|Any CPU
		{7BFA4A52-6AD8-4C4A-9FD2-7A42CCE2B27E}.Release|Any CPU.Build.0 = Release|Any CPU
	EndGlobalSection
	GlobalSection(SolutionProperties) = preSolution
		HideSolutionNode = FALSE
	EndGlobalSection
	GlobalSection(ExtensibilityGlobals) = postSolution
		SolutionGuid = {CE5F0F42-3A84-461B-B58A-B394D6C48C20}
	EndGlobalSection
EndGlobal
